{
  "name": "ajs-step7",
  "version": "1.0.0",
  "lockfileVersion": 1,
  "requires": true,
  "dependencies": {
    "@antis85/ajs": {
      "version": "1.0.0",
      "resolved": "https://npm.pkg.github.com/download/@antis85/ajs/1.0.0/bd38e9c561115dd20e6c6c5dc5cea12076572435a28148a5ebd93ef937ab449b",
      "integrity": "sha512-1tqY7b8yx0HsM/RBN/QgNairlLH9FCxru9HKQrDiYy0fz22Z+bEzGRL1eipIvilt5BbALckajiTvPW0laorXpw=="
    }
  }
}
